
Microsoft Visual Studio Solution File, Format Version 12.00
# Visual Studio Version 16
VisualStudioVersion = 16.0.31402.337
MinimumVisualStudioVersion = 10.0.40219.1
Project("{9A19103F-16F7-4668-BE54-9A1E7A4F7556}") = "YukiBox.Desktop", "src\YukiBox.Desktop\YukiBox.Desktop.csproj", "{DE6F4F67-DD36-4F6F-861F-B15A4428F684}"
EndProject
Project("{C7167F0D-BC9F-4E6E-AFE1-012C56B48DB5}") = "YukiBox.Desktop.Package", "src\YukiBox.Desktop.Package\YukiBox.Desktop.Package.wapproj", "{07470070-FA3E-4C3F-A37E-21F91E57E42C}"
EndProject
Global
	GlobalSection(SolutionConfigurationPlatforms) = preSolution
		Debug|x64 = Debug|x64
		Debug|x86 = Debug|x86
		Release|x64 = Release|x64
		Release|x86 = Release|x86
	EndGlobalSection
	GlobalSection(ProjectConfigurationPlatforms) = postSolution
		{DE6F4F67-DD36-4F6F-861F-B15A4428F684}.Debug|x64.ActiveCfg = Debug|x64
		{DE6F4F67-DD36-4F6F-861F-B15A4428F684}.Debug|x64.Build.0 = Debug|x64
		{DE6F4F67-DD36-4F6F-861F-B15A4428F684}.Debug|x86.ActiveCfg = Debug|x86
		{DE6F4F67-DD36-4F6F-861F-B15A4428F684}.Debug|x86.Build.0 = Debug|x86
		{DE6F4F67-DD36-4F6F-861F-B15A4428F684}.Release|x64.ActiveCfg = Release|x64
		{DE6F4F67-DD36-4F6F-861F-B15A4428F684}.Release|x64.Build.0 = Release|x64
		{DE6F4F67-DD36-4F6F-861F-B15A4428F684}.Release|x86.ActiveCfg = Release|x86
		{DE6F4F67-DD36-4F6F-861F-B15A4428F684}.Release|x86.Build.0 = Release|x86
		{07470070-FA3E-4C3F-A37E-21F91E57E42C}.Debug|x64.ActiveCfg = Debug|x64
		{07470070-FA3E-4C3F-A37E-21F91E57E42C}.Debug|x64.Build.0 = Debug|x64
		{07470070-FA3E-4C3F-A37E-21F91E57E42C}.Debug|x64.Deploy.0 = Debug|x64
		{07470070-FA3E-4C3F-A37E-21F91E57E42C}.Debug|x86.ActiveCfg = Debug|x86
		{07470070-FA3E-4C3F-A37E-21F91E57E42C}.Debug|x86.Build.0 = Debug|x86
		{07470070-FA3E-4C3F-A37E-21F91E57E42C}.Debug|x86.Deploy.0 = Debug|x86
		{07470070-FA3E-4C3F-A37E-21F91E57E42C}.Release|x64.ActiveCfg = Release|x64
		{07470070-FA3E-4C3F-A37E-21F91E57E42C}.Release|x64.Build.0 = Release|x64
		{07470070-FA3E-4C3F-A37E-21F91E57E42C}.Release|x64.Deploy.0 = Release|x64
		{07470070-FA3E-4C3F-A37E-21F91E57E42C}.Release|x86.ActiveCfg = Release|x86
		{07470070-FA3E-4C3F-A37E-21F91E57E42C}.Release|x86.Build.0 = Release|x86
		{07470070-FA3E-4C3F-A37E-21F91E57E42C}.Release|x86.Deploy.0 = Release|x86
	EndGlobalSection
	GlobalSection(SolutionProperties) = preSolution
		HideSolutionNode = FALSE
	EndGlobalSection
	GlobalSection(ExtensibilityGlobals) = postSolution
		SolutionGuid = {1ACC9D2F-6E86-44AA-A05A-D8AEA2E3B54B}
	EndGlobalSection
EndGlobal
